
Microsoft Visual Studio Solution File, Format Version 12.00
# Visual Studio Version 17
VisualStudioVersion = 17.7.34031.279
MinimumVisualStudioVersion = 10.0.40219.1
Project("{9A19103F-16F7-4668-BE54-9A1E7A4F7556}") = "PersonInfo", "PersonInfo\PersonInfo.csproj", "{19A494D0-07DB-4D67-8D95-149349740017}"
EndProject
Project("{9A19103F-16F7-4668-BE54-9A1E7A4F7556}") = "Telephony", "Telephony\Telephony.csproj", "{D44306F6-60AD-4A40-9699-E95F14EA86F1}"
EndProject
Project("{FAE04EC0-301F-11D3-BF4B-00C04F79EFBC}") = "BorderControl", "BorderControl\BorderControl.csproj", "{99D884CD-3C63-4CB6-8A42-AB7842F894C2}"
EndProject
Project("{FAE04EC0-301F-11D3-BF4B-00C04F79EFBC}") = "BirthdayCelebrations", "BirthdayCelebrations\BirthdayCelebrations.csproj", "{ADB6457A-62F1-4003-A4FE-C6C4CA9CD92F}"
EndProject
Project("{FAE04EC0-301F-11D3-BF4B-00C04F79EFBC}") = "FoodShortage", "FoodShortage\FoodShortage.csproj", "{7D34265E-A364-4329-9CBF-47E02C0F17DD}"
EndProject
Global
	GlobalSection(SolutionConfigurationPlatforms) = preSolution
		Debug|Any CPU = Debug|Any CPU
		Release|Any CPU = Release|Any CPU
	EndGlobalSection
	GlobalSection(ProjectConfigurationPlatforms) = postSolution
		{19A494D0-07DB-4D67-8D95-149349740017}.Debug|Any CPU.ActiveCfg = Debug|Any CPU
		{19A494D0-07DB-4D67-8D95-149349740017}.Debug|Any CPU.Build.0 = Debug|Any CPU
		{19A494D0-07DB-4D67-8D95-149349740017}.Release|Any CPU.ActiveCfg = Release|Any CPU
		{19A494D0-07DB-4D67-8D95-149349740017}.Release|Any CPU.Build.0 = Release|Any CPU
		{D44306F6-60AD-4A40-9699-E95F14EA86F1}.Debug|Any CPU.ActiveCfg = Debug|Any CPU
		{D44306F6-60AD-4A40-9699-E95F14EA86F1}.Debug|Any CPU.Build.0 = Debug|Any CPU
		{D44306F6-60AD-4A40-9699-E95F14EA86F1}.Release|Any CPU.ActiveCfg = Release|Any CPU
		{D44306F6-60AD-4A40-9699-E95F14EA86F1}.Release|Any CPU.Build.0 = Release|Any CPU
		{99D884CD-3C63-4CB6-8A42-AB7842F894C2}.Debug|Any CPU.ActiveCfg = Debug|Any CPU
		{99D884CD-3C63-4CB6-8A42-AB7842F894C2}.Debug|Any CPU.Build.0 = Debug|Any CPU
		{99D884CD-3C63-4CB6-8A42-AB7842F894C2}.Release|Any CPU.ActiveCfg = Release|Any CPU
		{99D884CD-3C63-4CB6-8A42-AB7842F894C2}.Release|Any CPU.Build.0 = Release|Any CPU
		{ADB6457A-62F1-4003-A4FE-C6C4CA9CD92F}.Debug|Any CPU.ActiveCfg = Debug|Any CPU
		{ADB6457A-62F1-4003-A4FE-C6C4CA9CD92F}.Debug|Any CPU.Build.0 = Debug|Any CPU
		{ADB6457A-62F1-4003-A4FE-C6C4CA9CD92F}.Release|Any CPU.ActiveCfg = Release|Any CPU
		{ADB6457A-62F1-4003-A4FE-C6C4CA9CD92F}.Release|Any CPU.Build.0 = Release|Any CPU
		{7D34265E-A364-4329-9CBF-47E02C0F17DD}.Debug|Any CPU.ActiveCfg = Debug|Any CPU
		{7D34265E-A364-4329-9CBF-47E02C0F17DD}.Debug|Any CPU.Build.0 = Debug|Any CPU
		{7D34265E-A364-4329-9CBF-47E02C0F17DD}.Release|Any CPU.ActiveCfg = Release|Any CPU
		{7D34265E-A364-4329-9CBF-47E02C0F17DD}.Release|Any CPU.Build.0 = Release|Any CPU
	EndGlobalSection
	GlobalSection(SolutionProperties) = preSolution
		HideSolutionNode = FALSE
	EndGlobalSection
	GlobalSection(ExtensibilityGlobals) = postSolution
		SolutionGuid = {88FCC38A-E192-4567-A3EF-54BC45A5444D}
	EndGlobalSection
EndGlobal
